// !$*UTF8*$!
{
	archiveVersion = 1;
	classes = {
	};
	objectVersion = 56;
	objects = {

/* Begin PBXBuildFile section */
		D663A2F7294A091E002F1E49 /* AppDelegate.swift in Sources */ = {isa = PBXBuildFile; fileRef = D663A2F6294A091E002F1E49 /* AppDelegate.swift */; };
		D663A2F9294A091E002F1E49 /* SceneDelegate.swift in Sources */ = {isa = PBXBuildFile; fileRef = D663A2F8294A091E002F1E49 /* SceneDelegate.swift */; };
		D663A2FB294A091E002F1E49 /* ViewController.swift in Sources */ = {isa = PBXBuildFile; fileRef = D663A2FA294A091E002F1E49 /* ViewController.swift */; };
		D663A2FE294A091E002F1E49 /* Main.storyboard in Resources */ = {isa = PBXBuildFile; fileRef = D663A2FC294A091E002F1E49 /* Main.storyboard */; };
		D663A300294A0922002F1E49 /* Assets.xcassets in Resources */ = {isa = PBXBuildFile; fileRef = D663A2FF294A0922002F1E49 /* Assets.xcassets */; };
		D663A303294A0922002F1E49 /* LaunchScreen.storyboard in Resources */ = {isa = PBXBuildFile; fileRef = D663A301294A0922002F1E49 /* LaunchScreen.storyboard */; };
		D663A30E294A0922002F1E49 /* OddEvenGameTests.swift in Sources */ = {isa = PBXBuildFile; fileRef = D663A30D294A0922002F1E49 /* OddEvenGameTests.swift */; };
		D663A318294A0922002F1E49 /* OddEvenGameUITests.swift in Sources */ = {isa = PBXBuildFile; fileRef = D663A317294A0922002F1E49 /* OddEvenGameUITests.swift */; };
		D663A31A294A0922002F1E49 /* OddEvenGameUITestsLaunchTests.swift in Sources */ = {isa = PBXBuildFile; fileRef = D663A319294A0922002F1E49 /* OddEvenGameUITestsLaunchTests.swift */; };
/* End PBXBuildFile section */

/* Begin PBXContainerItemProxy section */
		D663A30A294A0922002F1E49 /* PBXContainerItemProxy */ = {
			isa = PBXContainerItemProxy;
			containerPortal = D663A2EB294A091E002F1E49 /* Project object */;
			proxyType = 1;
			remoteGlobalIDString = D663A2F2294A091E002F1E49;
			remoteInfo = OddEvenGame;
		};
		D663A314294A0922002F1E49 /* PBXContainerItemProxy */ = {
			isa = PBXContainerItemProxy;
			containerPortal = D663A2EB294A091E002F1E49 /* Project object */;
			proxyType = 1;
			remoteGlobalIDString = D663A2F2294A091E002F1E49;
			remoteInfo = OddEvenGame;
		};
/* End PBXContainerItemProxy section */

/* Begin PBXFileReference section */
		D663A2F3294A091E002F1E49 /* OddEvenGame.app */ = {isa = PBXFileReference; explicitFileType = wrapper.application; includeInIndex = 0; path = OddEvenGame.app; sourceTree = BUILT_PRODUCTS_DIR; };
		D663A2F6294A091E002F1E49 /* AppDelegate.swift */ = {isa = PBXFileReference; lastKnownFileType = sourcecode.swift; path = AppDelegate.swift; sourceTree = "<group>"; };
		D663A2F8294A091E002F1E49 /* SceneDelegate.swift */ = {isa = PBXFileReference; lastKnownFileType = sourcecode.swift; path = SceneDelegate.swift; sourceTree = "<group>"; };
		D663A2FA294A091E002F1E49 /* ViewController.swift */ = {isa = PBXFileReference; lastKnownFileType = sourcecode.swift; path = ViewController.swift; sourceTree = "<group>"; };
		D663A2FD294A091E002F1E49 /* Base */ = {isa = PBXFileReference; lastKnownFileType = file.storyboard; name = Base; path = Base.lproj/Main.storyboard; sourceTree = "<group>"; };
		D663A2FF294A0922002F1E49 /* Assets.xcassets */ = {isa = PBXFileReference; lastKnownFileType = folder.assetcatalog; path = Assets.xcassets; sourceTree = "<group>"; };
		D663A302294A0922002F1E49 /* Base */ = {isa = PBXFileReference; lastKnownFileType = file.storyboard; name = Base; path = Base.lproj/LaunchScreen.storyboard; sourceTree = "<group>"; };
		D663A304294A0922002F1E49 /* Info.plist */ = {isa = PBXFileReference; lastKnownFileType = text.plist.xml; path = Info.plist; sourceTree = "<group>"; };
		D663A309294A0922002F1E49 /* OddEvenGameTests.xctest */ = {isa = PBXFileReference; explicitFileType = wrapper.cfbundle; includeInIndex = 0; path = OddEvenGameTests.xctest; sourceTree = BUILT_PRODUCTS_DIR; };
		D663A30D294A0922002F1E49 /* OddEvenGameTests.swift */ = {isa = PBXFileReference; lastKnownFileType = sourcecode.swift; path = OddEvenGameTests.swift; sourceTree = "<group>"; };
		D663A313294A0922002F1E49 /* OddEvenGameUITests.xctest */ = {isa = PBXFileReference; explicitFileType = wrapper.cfbundle; includeInIndex = 0; path = OddEvenGameUITests.xctest; sourceTree = BUILT_PRODUCTS_DIR; };
		D663A317294A0922002F1E49 /* OddEvenGameUITests.swift */ = {isa = PBXFileReference; lastKnownFileType = sourcecode.swift; path = OddEvenGameUITests.swift; sourceTree = "<group>"; };
		D663A319294A0922002F1E49 /* OddEvenGameUITestsLaunchTests.swift */ = {isa = PBXFileReference; lastKnownFileType = sourcecode.swift; path = OddEvenGameUITestsLaunchTests.swift; sourceTree = "<group>"; };
/* End PBXFileReference section */

/* Begin PBXFrameworksBuildPhase section */
		D663A2F0294A091E002F1E49 /* Frameworks */ = {
			isa = PBXFrameworksBuildPhase;
			buildActionMask = 2147483647;
			files = (
			);
			runOnlyForDeploymentPostprocessing = 0;
		};
		D663A306294A0922002F1E49 /* Frameworks */ = {
			isa = PBXFrameworksBuildPhase;
			buildActionMask = 2147483647;
			files = (
			);
			runOnlyForDeploymentPostprocessing = 0;
		};
		D663A310294A0922002F1E49 /* Frameworks */ = {
			isa = PBXFrameworksBuildPhase;
			buildActionMask = 2147483647;
			files = (
			);
			runOnlyForDeploymentPostprocessing = 0;
		};
/* End PBXFrameworksBuildPhase section */

/* Begin PBXGroup section */
		D663A2EA294A091E002F1E49 = {
			isa = PBXGroup;
			children = (
				D663A2F5294A091E002F1E49 /* OddEvenGame */,
				D663A30C294A0922002F1E49 /* OddEvenGameTests */,
				D663A316294A0922002F1E49 /* OddEvenGameUITests */,
				D663A2F4294A091E002F1E49 /* Products */,
			);
			sourceTree = "<group>";
		};
		D663A2F4294A091E002F1E49 /* Products */ = {
			isa = PBXGroup;
			children = (
				D663A2F3294A091E002F1E49 /* OddEvenGame.app */,
				D663A309294A0922002F1E49 /* OddEvenGameTests.xctest */,
				D663A313294A0922002F1E49 /* OddEvenGameUITests.xctest */,
			);
			name = Products;
			sourceTree = "<group>";
		};
		D663A2F5294A091E002F1E49 /* OddEvenGame */ = {
			isa = PBXGroup;
			children = (
				D663A2F6294A091E002F1E49 /* AppDelegate.swift */,
				D663A2F8294A091E002F1E49 /* SceneDelegate.swift */,
				D663A2FA294A091E002F1E49 /* ViewController.swift */,
				D663A2FC294A091E002F1E49 /* Main.storyboard */,
				D663A2FF294A0922002F1E49 /* Assets.xcassets */,
				D663A301294A0922002F1E49 /* LaunchScreen.storyboard */,
				D663A304294A0922002F1E49 /* Info.plist */,
			);
			path = OddEvenGame;
			sourceTree = "<group>";
		};
		D663A30C294A0922002F1E49 /* OddEvenGameTests */ = {
			isa = PBXGroup;
			children = (
				D663A30D294A0922002F1E49 /* OddEvenGameTests.swift */,
			);
			path = OddEvenGameTests;
			sourceTree = "<group>";
		};
		D663A316294A0922002F1E49 /* OddEvenGameUITests */ = {
			isa = PBXGroup;
			children = (
				D663A317294A0922002F1E49 /* OddEvenGameUITests.swift */,
				D663A319294A0922002F1E49 /* OddEvenGameUITestsLaunchTests.swift */,
			);
			path = OddEvenGameUITests;
			sourceTree = "<group>";
		};
/* End PBXGroup section */

/* Begin PBXNativeTarget section */
		D663A2F2294A091E002F1E49 /* OddEvenGame */ = {
			isa = PBXNativeTarget;
			buildConfigurationList = D663A31D294A0922002F1E49 /* Build configuration list for PBXNativeTarget "OddEvenGame" */;
			buildPhases = (
				D663A2EF294A091E002F1E49 /* Sources */,
				D663A2F0294A091E002F1E49 /* Frameworks */,
				D663A2F1294A091E002F1E49 /* Resources */,
			);
			buildRules = (
			);
			dependencies = (
			);
			name = OddEvenGame;
			productName = OddEvenGame;
			productReference = D663A2F3294A091E002F1E49 /* OddEvenGame.app */;
			productType = "com.apple.product-type.application";
		};
		D663A308294A0922002F1E49 /* OddEvenGameTests */ = {
			isa = PBXNativeTarget;
			buildConfigurationList = D663A320294A0922002F1E49 /* Build configuration list for PBXNativeTarget "OddEvenGameTests" */;
			buildPhases = (
				D663A305294A0922002F1E49 /* Sources */,
				D663A306294A0922002F1E49 /* Frameworks */,
				D663A307294A0922002F1E49 /* Resources */,
			);
			buildRules = (
			);
			dependencies = (
				D663A30B294A0922002F1E49 /* PBXTargetDependency */,
			);
			name = OddEvenGameTests;
			productName = OddEvenGameTests;
			productReference = D663A309294A0922002F1E49 /* OddEvenGameTests.xctest */;
			productType = "com.apple.product-type.bundle.unit-test";
		};
		D663A312294A0922002F1E49 /* OddEvenGameUITests */ = {
			isa = PBXNativeTarget;
			buildConfigurationList = D663A323294A0922002F1E49 /* Build configuration list for PBXNativeTarget "OddEvenGameUITests" */;
			buildPhases = (
				D663A30F294A0922002F1E49 /* Sources */,
				D663A310294A0922002F1E49 /* Frameworks */,
				D663A311294A0922002F1E49 /* Resources */,
			);
			buildRules = (
			);
			dependencies = (
				D663A315294A0922002F1E49 /* PBXTargetDependency */,
			);
			name = OddEvenGameUITests;
			productName = OddEvenGameUITests;
			productReference = D663A313294A0922002F1E49 /* OddEvenGameUITests.xctest */;
			productType = "com.apple.product-type.bundle.ui-testing";
		};
/* End PBXNativeTarget section */

/* Begin PBXProject section */
		D663A2EB294A091E002F1E49 /* Project object */ = {
			isa = PBXProject;
			attributes = {
				BuildIndependentTargetsInParallel = 1;
				LastSwiftUpdateCheck = 1410;
				LastUpgradeCheck = 1410;
				TargetAttributes = {
					D663A2F2294A091E002F1E49 = {
						CreatedOnToolsVersion = 14.1;
					};
					D663A308294A0922002F1E49 = {
						CreatedOnToolsVersion = 14.1;
						TestTargetID = D663A2F2294A091E002F1E49;
					};
					D663A312294A0922002F1E49 = {
						CreatedOnToolsVersion = 14.1;
						TestTargetID = D663A2F2294A091E002F1E49;
					};
				};
			};
			buildConfigurationList = D663A2EE294A091E002F1E49 /* Build configuration list for PBXProject "OddEvenGame" */;
			compatibilityVersion = "Xcode 14.0";
			developmentRegion = en;
			hasScannedForEncodings = 0;
			knownRegions = (
				en,
				Base,
			);
			mainGroup = D663A2EA294A091E002F1E49;
			productRefGroup = D663A2F4294A091E002F1E49 /* Products */;
			projectDirPath = "";
			projectRoot = "";
			targets = (
				D663A2F2294A091E002F1E49 /* OddEvenGame */,
				D663A308294A0922002F1E49 /* OddEvenGameTests */,
				D663A312294A0922002F1E49 /* OddEvenGameUITests */,
			);
		};
/* End PBXProject section */

/* Begin PBXResourcesBuildPhase section */
		D663A2F1294A091E002F1E49 /* Resources */ = {
			isa = PBXResourcesBuildPhase;
			buildActionMask = 2147483647;
			files = (
				D663A303294A0922002F1E49 /* LaunchScreen.storyboard in Resources */,
				D663A300294A0922002F1E49 /* Assets.xcassets in Resources */,
				D663A2FE294A091E002F1E49 /* Main.storyboard in Resources */,
			);
			runOnlyForDeploymentPostprocessing = 0;
		};
		D663A307294A0922002F1E49 /* Resources */ = {
			isa = PBXResourcesBuildPhase;
			buildActionMask = 2147483647;
			files = (
			);
			runOnlyForDeploymentPostprocessing = 0;
		};
		D663A311294A0922002F1E49 /* Resources */ = {
			isa = PBXResourcesBuildPhase;
			buildActionMask = 2147483647;
			files = (
			);
			runOnlyForDeploymentPostprocessing = 0;
		};
/* End PBXResourcesBuildPhase section */

/* Begin PBXSourcesBuildPhase section */
		D663A2EF294A091E002F1E49 /* Sources */ = {
			isa = PBXSourcesBuildPhase;
			buildActionMask = 2147483647;
			files = (
				D663A2FB294A091E002F1E49 /* ViewController.swift in Sources */,
				D663A2F7294A091E002F1E49 /* AppDelegate.swift in Sources */,
				D663A2F9294A091E002F1E49 /* SceneDelegate.swift in Sources */,
			);
			runOnlyForDeploymentPostprocessing = 0;
		};
		D663A305294A0922002F1E49 /* Sources */ = {
			isa = PBXSourcesBuildPhase;
			buildActionMask = 2147483647;
			files = (
				D663A30E294A0922002F1E49 /* OddEvenGameTests.swift in Sources */,
			);
			runOnlyForDeploymentPostprocessing = 0;
		};
		D663A30F294A0922002F1E49 /* Sources */ = {
			isa = PBXSourcesBuildPhase;
			buildActionMask = 2147483647;
			files = (
				D663A31A294A0922002F1E49 /* OddEvenGameUITestsLaunchTests.swift in Sources */,
				D663A318294A0922002F1E49 /* OddEvenGameUITests.swift in Sources */,
			);
			runOnlyForDeploymentPostprocessing = 0;
		};
/* End PBXSourcesBuildPhase section */

/* Begin PBXTargetDependency section */
		D663A30B294A0922002F1E49 /* PBXTargetDependency */ = {
			isa = PBXTargetDependency;
			target = D663A2F2294A091E002F1E49 /* OddEvenGame */;
			targetProxy = D663A30A294A0922002F1E49 /* PBXContainerItemProxy */;
		};
		D663A315294A0922002F1E49 /* PBXTargetDependency */ = {
			isa = PBXTargetDependency;
			target = D663A2F2294A091E002F1E49 /* OddEvenGame */;
			targetProxy = D663A314294A0922002F1E49 /* PBXContainerItemProxy */;
		};
/* End PBXTargetDependency section */

/* Begin PBXVariantGroup section */
		D663A2FC294A091E002F1E49 /* Main.storyboard */ = {
			isa = PBXVariantGroup;
			children = (
				D663A2FD294A091E002F1E49 /* Base */,
			);
			name = Main.storyboard;
			sourceTree = "<group>";
		};
		D663A301294A0922002F1E49 /* LaunchScreen.storyboard */ = {
			isa = PBXVariantGroup;
			children = (
				D663A302294A0922002F1E49 /* Base */,
			);
			name = LaunchScreen.storyboard;
			sourceTree = "<group>";
		};
/* End PBXVariantGroup section */

/* Begin XCBuildConfiguration section */
		D663A31B294A0922002F1E49 /* Debug */ = {
			isa = XCBuildConfiguration;
			buildSettings = {
				ALWAYS_SEARCH_USER_PATHS = NO;
				CLANG_ANALYZER_NONNULL = YES;
				CLANG_ANALYZER_NUMBER_OBJECT_CONVERSION = YES_AGGRESSIVE;
				CLANG_CXX_LANGUAGE_STANDARD = "gnu++20";
				CLANG_ENABLE_MODULES = YES;
				CLANG_ENABLE_OBJC_ARC = YES;
				CLANG_ENABLE_OBJC_WEAK = YES;
				CLANG_WARN_BLOCK_CAPTURE_AUTORELEASING = YES;
				CLANG_WARN_BOOL_CONVERSION = YES;
				CLANG_WARN_COMMA = YES;
				CLANG_WARN_CONSTANT_CONVERSION = YES;
				CLANG_WARN_DEPRECATED_OBJC_IMPLEMENTATIONS = YES;
				CLANG_WARN_DIRECT_OBJC_ISA_USAGE = YES_ERROR;
				CLANG_WARN_DOCUMENTATION_COMMENTS = YES;
				CLANG_WARN_EMPTY_BODY = YES;
				CLANG_WARN_ENUM_CONVERSION = YES;
				CLANG_WARN_INFINITE_RECURSION = YES;
				CLANG_WARN_INT_CONVERSION = YES;
				CLANG_WARN_NON_LITERAL_NULL_CONVERSION = YES;
				CLANG_WARN_OBJC_IMPLICIT_RETAIN_SELF = YES;
				CLANG_WARN_OBJC_LITERAL_CONVERSION = YES;
				CLANG_WARN_OBJC_ROOT_CLASS = YES_ERROR;
				CLANG_WARN_QUOTED_INCLUDE_IN_FRAMEWORK_HEADER = YES;
				CLANG_WARN_RANGE_LOOP_ANALYSIS = YES;
				CLANG_WARN_STRICT_PROTOTYPES = YES;
				CLANG_WARN_SUSPICIOUS_MOVE = YES;
				CLANG_WARN_UNGUARDED_AVAILABILITY = YES_AGGRESSIVE;
				CLANG_WARN_UNREACHABLE_CODE = YES;
				CLANG_WARN__DUPLICATE_METHOD_MATCH = YES;
				COPY_PHASE_STRIP = NO;
				DEBUG_INFORMATION_FORMAT = dwarf;
				ENABLE_STRICT_OBJC_MSGSEND = YES;
				ENABLE_TESTABILITY = YES;
				GCC_C_LANGUAGE_STANDARD = gnu11;
				GCC_DYNAMIC_NO_PIC = NO;
				GCC_NO_COMMON_BLOCKS = YES;
				GCC_OPTIMIZATION_LEVEL = 0;
				GCC_PREPROCESSOR_DEFINITIONS = (
					"DEBUG=1",
					"$(inherited)",
				);
				GCC_WARN_64_TO_32_BIT_CONVERSION = YES;
				GCC_WARN_ABOUT_RETURN_TYPE = YES_ERROR;
				GCC_WARN_UNDECLARED_SELECTOR = YES;
				GCC_WARN_UNINITIALIZED_AUTOS = YES_AGGRESSIVE;
				GCC_WARN_UNUSED_FUNCTION = YES;
				GCC_WARN_UNUSED_VARIABLE = YES;
				IPHONEOS_DEPLOYMENT_TARGET = 16.1;
				MTL_ENABLE_DEBUG_INFO = INCLUDE_SOURCE;
				MTL_FAST_MATH = YES;
				ONLY_ACTIVE_ARCH = YES;
				SDKROOT = iphoneos;
				SWIFT_ACTIVE_COMPILATION_CONDITIONS = DEBUG;
				SWIFT_OPTIMIZATION_LEVEL = "-Onone";
			};
			name = Debug;
		};
		D663A31C294A0922002F1E49 /* Release */ = {
			isa = XCBuildConfiguration;
			buildSettings = {
				ALWAYS_SEARCH_USER_PATHS = NO;
				CLANG_ANALYZER_NONNULL = YES;
				CLANG_ANALYZER_NUMBER_OBJECT_CONVERSION = YES_AGGRESSIVE;
				CLANG_CXX_LANGUAGE_STANDARD = "gnu++20";
				CLANG_ENABLE_MODULES = YES;
				CLANG_ENABLE_OBJC_ARC = YES;
				CLANG_ENABLE_OBJC_WEAK = YES;
				CLANG_WARN_BLOCK_CAPTURE_AUTORELEASING = YES;
				CLANG_WARN_BOOL_CONVERSION = YES;
				CLANG_WARN_COMMA = YES;
				CLANG_WARN_CONSTANT_CONVERSION = YES;
				CLANG_WARN_DEPRECATED_OBJC_IMPLEMENTATIONS = YES;
				CLANG_WARN_DIRECT_OBJC_ISA_USAGE = YES_ERROR;
				CLANG_WARN_DOCUMENTATION_COMMENTS = YES;
				CLANG_WARN_EMPTY_BODY = YES;
				CLANG_WARN_ENUM_CONVERSION = YES;
				CLANG_WARN_INFINITE_RECURSION = YES;
				CLANG_WARN_INT_CONVERSION = YES;
				CLANG_WARN_NON_LITERAL_NULL_CONVERSION = YES;
				CLANG_WARN_OBJC_IMPLICIT_RETAIN_SELF = YES;
				CLANG_WARN_OBJC_LITERAL_CONVERSION = YES;
				CLANG_WARN_OBJC_ROOT_CLASS = YES_ERROR;
				CLANG_WARN_QUOTED_INCLUDE_IN_FRAMEWORK_HEADER = YES;
				CLANG_WARN_RANGE_LOOP_ANALYSIS = YES;
				CLANG_WARN_STRICT_PROTOTYPES = YES;
				CLANG_WARN_SUSPICIOUS_MOVE = YES;
				CLANG_WARN_UNGUARDED_AVAILABILITY = YES_AGGRESSIVE;
				CLANG_WARN_UNREACHABLE_CODE = YES;
				CLANG_WARN__DUPLICATE_METHOD_MATCH = YES;
				COPY_PHASE_STRIP = NO;
				DEBUG_INFORMATION_FORMAT = "dwarf-with-dsym";
				ENABLE_NS_ASSERTIONS = NO;
				ENABLE_STRICT_OBJC_MSGSEND = YES;
				GCC_C_LANGUAGE_STANDARD = gnu11;
				GCC_NO_COMMON_BLOCKS = YES;
				GCC_WARN_64_TO_32_BIT_CONVERSION = YES;
				GCC_WARN_ABOUT_RETURN_TYPE = YES_ERROR;
				GCC_WARN_UNDECLARED_SELECTOR = YES;
				GCC_WARN_UNINITIALIZED_AUTOS = YES_AGGRESSIVE;
				GCC_WARN_UNUSED_FUNCTION = YES;
				GCC_WARN_UNUSED_VARIABLE = YES;
				IPHONEOS_DEPLOYMENT_TARGET = 16.1;
				MTL_ENABLE_DEBUG_INFO = NO;
				MTL_FAST_MATH = YES;
				SDKROOT = iphoneos;
				SWIFT_COMPILATION_MODE = wholemodule;
				SWIFT_OPTIMIZATION_LEVEL = "-O";
				VALIDATE_PRODUCT = YES;
			};
			name = Release;
		};
		D663A31E294A0922002F1E49 /* Debug */ = {
			isa = XCBuildConfiguration;
			buildSettings = {
				ASSETCATALOG_COMPILER_APPICON_NAME = AppIcon;
				ASSETCATALOG_COMPILER_GLOBAL_ACCENT_COLOR_NAME = AccentColor;
				CODE_SIGN_STYLE = Automatic;
				CURRENT_PROJECT_VERSION = 1;
				DEVELOPMENT_TEAM = D2M2U44XTL;
				GENERATE_INFOPLIST_FILE = YES;
				INFOPLIST_FILE = OddEvenGame/Info.plist;
				INFOPLIST_KEY_UIApplicationSupportsIndirectInputEvents = YES;
				INFOPLIST_KEY_UILaunchStoryboardName = LaunchScreen;
				INFOPLIST_KEY_UIMainStoryboardFile = Main;
				INFOPLIST_KEY_UISupportedInterfaceOrientations_iPad = "UIInterfaceOrientationPortrait UIInterfaceOrientationPortraitUpsideDown UIInterfaceOrientationLandscapeLeft UIInterfaceOrientationLandscapeRight";
				INFOPLIST_KEY_UISupportedInterfaceOrientations_iPhone = "UIInterfaceOrientationPortrait UIInterfaceOrientationLandscapeLeft UIInterfaceOrientationLandscapeRight";
				LD_RUNPATH_SEARCH_PATHS = (
					"$(inherited)",
					"@executable_path/Frameworks",
				);
				MARKETING_VERSION = 1.0;
				PRODUCT_BUNDLE_IDENTIFIER = study.OddEvenGame;
				PRODUCT_NAME = "$(TARGET_NAME)";
				SWIFT_EMIT_LOC_STRINGS = YES;
				SWIFT_VERSION = 5.0;
				TARGETED_DEVICE_FAMILY = "1,2";
			};
			name = Debug;
		};
		D663A31F294A0922002F1E49 /* Release */ = {
			isa = XCBuildConfiguration;
			buildSettings = {
				ASSETCATALOG_COMPILER_APPICON_NAME = AppIcon;
				ASSETCATALOG_COMPILER_GLOBAL_ACCENT_COLOR_NAME = AccentColor;
				CODE_SIGN_STYLE = Automatic;
				CURRENT_PROJECT_VERSION = 1;
				DEVELOPMENT_TEAM = D2M2U44XTL;
				GENERATE_INFOPLIST_FILE = YES;
				INFOPLIST_FILE = OddEvenGame/Info.plist;
				INFOPLIST_KEY_UIApplicationSupportsIndirectInputEvents = YES;
				INFOPLIST_KEY_UILaunchStoryboardName = LaunchScreen;
				INFOPLIST_KEY_UIMainStoryboardFile = Main;
				INFOPLIST_KEY_UISupportedInterfaceOrientations_iPad = "UIInterfaceOrientationPortrait UIInterfaceOrientationPortraitUpsideDown UIInterfaceOrientationLandscapeLeft UIInterfaceOrientationLandscapeRight";
				INFOPLIST_KEY_UISupportedInterfaceOrientations_iPhone = "UIInterfaceOrientationPortrait UIInterfaceOrientationLandscapeLeft UIInterfaceOrientationLandscapeRight";
				LD_RUNPATH_SEARCH_PATHS = (
					"$(inherited)",
					"@executable_path/Frameworks",
				);
				MARKETING_VERSION = 1.0;
				PRODUCT_BUNDLE_IDENTIFIER = study.OddEvenGame;
				PRODUCT_NAME = "$(TARGET_NAME)";
				SWIFT_EMIT_LOC_STRINGS = YES;
				SWIFT_VERSION = 5.0;
				TARGETED_DEVICE_FAMILY = "1,2";
			};
			name = Release;
		};
		D663A321294A0922002F1E49 /* Debug */ = {
			isa = XCBuildConfiguration;
			buildSettings = {
				ALWAYS_EMBED_SWIFT_STANDARD_LIBRARIES = YES;
				BUNDLE_LOADER = "$(TEST_HOST)";
				CODE_SIGN_STYLE = Automatic;
				CURRENT_PROJECT_VERSION = 1;
				DEVELOPMENT_TEAM = D2M2U44XTL;
				GENERATE_INFOPLIST_FILE = YES;
				IPHONEOS_DEPLOYMENT_TARGET = 16.1;
				MARKETING_VERSION = 1.0;
				PRODUCT_BUNDLE_IDENTIFIER = study.OddEvenGameTests;
				PRODUCT_NAME = "$(TARGET_NAME)";
				SWIFT_EMIT_LOC_STRINGS = NO;
				SWIFT_VERSION = 5.0;
				TARGETED_DEVICE_FAMILY = "1,2";
				TEST_HOST = "$(BUILT_PRODUCTS_DIR)/OddEvenGame.app/$(BUNDLE_EXECUTABLE_FOLDER_PATH)/OddEvenGame";
			};
			name = Debug;
		};
		D663A322294A0922002F1E49 /* Release */ = {
			isa = XCBuildConfiguration;
			buildSettings = {
				ALWAYS_EMBED_SWIFT_STANDARD_LIBRARIES = YES;
				BUNDLE_LOADER = "$(TEST_HOST)";
				CODE_SIGN_STYLE = Automatic;
				CURRENT_PROJECT_VERSION = 1;
				DEVELOPMENT_TEAM = D2M2U44XTL;
				GENERATE_INFOPLIST_FILE = YES;
				IPHONEOS_DEPLOYMENT_TARGET = 16.1;
				MARKETING_VERSION = 1.0;
				PRODUCT_BUNDLE_IDENTIFIER = study.OddEvenGameTests;
				PRODUCT_NAME = "$(TARGET_NAME)";
				SWIFT_EMIT_LOC_STRINGS = NO;
				SWIFT_VERSION = 5.0;
				TARGETED_DEVICE_FAMILY = "1,2";
				TEST_HOST = "$(BUILT_PRODUCTS_DIR)/OddEvenGame.app/$(BUNDLE_EXECUTABLE_FOLDER_PATH)/OddEvenGame";
			};
			name = Release;
		};
		D663A324294A0922002F1E49 /* Debug */ = {
			isa = XCBuildConfiguration;
			buildSettings = {
				ALWAYS_EMBED_SWIFT_STANDARD_LIBRARIES = YES;
				CODE_SIGN_STYLE = Automatic;
				CURRENT_PROJECT_VERSION = 1;
				DEVELOPMENT_TEAM = D2M2U44XTL;
				GENERATE_INFOPLIST_FILE = YES;
				MARKETING_VERSION = 1.0;
				PRODUCT_BUNDLE_IDENTIFIER = study.OddEvenGameUITests;
				PRODUCT_NAME = "$(TARGET_NAME)";
				SWIFT_EMIT_LOC_STRINGS = NO;
				SWIFT_VERSION = 5.0;
				TARGETED_DEVICE_FAMILY = "1,2";
				TEST_TARGET_NAME = OddEvenGame;
			};
			name = Debug;
		};
		D663A325294A0922002F1E49 /* Release */ = {
			isa = XCBuildConfiguration;
			buildSettings = {
				ALWAYS_EMBED_SWIFT_STANDARD_LIBRARIES = YES;
				CODE_SIGN_STYLE = Automatic;
				CURRENT_PROJECT_VERSION = 1;
				DEVELOPMENT_TEAM = D2M2U44XTL;
				GENERATE_INFOPLIST_FILE = YES;
				MARKETING_VERSION = 1.0;
				PRODUCT_BUNDLE_IDENTIFIER = study.OddEvenGameUITests;
				PRODUCT_NAME = "$(TARGET_NAME)";
				SWIFT_EMIT_LOC_STRINGS = NO;
				SWIFT_VERSION = 5.0;
				TARGETED_DEVICE_FAMILY = "1,2";
				TEST_TARGET_NAME = OddEvenGame;
			};
			name = Release;
		};
/* End XCBuildConfiguration section */

/* Begin XCConfigurationList section */
		D663A2EE294A091E002F1E49 /* Build configuration list for PBXProject "OddEvenGame" */ = {
			isa = XCConfigurationList;
			buildConfigurations = (
				D663A31B294A0922002F1E49 /* Debug */,
				D663A31C294A0922002F1E49 /* Release */,
			);
			defaultConfigurationIsVisible = 0;
			defaultConfigurationName = Release;
		};
		D663A31D294A0922002F1E49 /* Build configuration list for PBXNativeTarget "OddEvenGame" */ = {
			isa = XCConfigurationList;
			buildConfigurations = (
				D663A31E294A0922002F1E49 /* Debug */,
				D663A31F294A0922002F1E49 /* Release */,
			);
			defaultConfigurationIsVisible = 0;
			defaultConfigurationName = Release;
		};
		D663A320294A0922002F1E49 /* Build configuration list for PBXNativeTarget "OddEvenGameTests" */ = {
			isa = XCConfigurationList;
			buildConfigurations = (
				D663A321294A0922002F1E49 /* Debug */,
				D663A322294A0922002F1E49 /* Release */,
			);
			defaultConfigurationIsVisible = 0;
			defaultConfigurationName = Release;
		};
		D663A323294A0922002F1E49 /* Build configuration list for PBXNativeTarget "OddEvenGameUITests" */ = {
			isa = XCConfigurationList;
			buildConfigurations = (
				D663A324294A0922002F1E49 /* Debug */,
				D663A325294A0922002F1E49 /* Release */,
			);
			defaultConfigurationIsVisible = 0;
			defaultConfigurationName = Release;
		};
/* End XCConfigurationList section */
	};
	rootObject = D663A2EB294A091E002F1E49 /* Project object */;
}
